
Microsoft Visual Studio Solution File, Format Version 12.00
# Visual Studio Version 16
VisualStudioVersion = 16.0.28729.10
MinimumVisualStudioVersion = 10.0.40219.1
Project("{FAE04EC0-301F-11D3-BF4B-00C04F79EFBC}") = "ConsultorioWeb", "ConsultorioWeb\ConsultorioWeb.csproj", "{E606CF23-DBF5-44AD-8C61-F108314176F2}"
EndProject
Project("{FAE04EC0-301F-11D3-BF4B-00C04F79EFBC}") = "Aplicacion", "Aplicacion\Aplicacion.csproj", "{3A495790-5C2F-4942-9789-4C2EF5BA2A75}"
EndProject
Global
	GlobalSection(SolutionConfigurationPlatforms) = preSolution
		Debug|Any CPU = Debug|Any CPU
		Release|Any CPU = Release|Any CPU
	EndGlobalSection
	GlobalSection(ProjectConfigurationPlatforms) = postSolution
		{E606CF23-DBF5-44AD-8C61-F108314176F2}.Debug|Any CPU.ActiveCfg = Debug|Any CPU
		{E606CF23-DBF5-44AD-8C61-F108314176F2}.Debug|Any CPU.Build.0 = Debug|Any CPU
		{E606CF23-DBF5-44AD-8C61-F108314176F2}.Release|Any CPU.ActiveCfg = Release|Any CPU
		{E606CF23-DBF5-44AD-8C61-F108314176F2}.Release|Any CPU.Build.0 = Release|Any CPU
		{3A495790-5C2F-4942-9789-4C2EF5BA2A75}.Debug|Any CPU.ActiveCfg = Debug|Any CPU
		{3A495790-5C2F-4942-9789-4C2EF5BA2A75}.Debug|Any CPU.Build.0 = Debug|Any CPU
		{3A495790-5C2F-4942-9789-4C2EF5BA2A75}.Release|Any CPU.ActiveCfg = Release|Any CPU
		{3A495790-5C2F-4942-9789-4C2EF5BA2A75}.Release|Any CPU.Build.0 = Release|Any CPU
	EndGlobalSection
	GlobalSection(SolutionProperties) = preSolution
		HideSolutionNode = FALSE
	EndGlobalSection
	GlobalSection(ExtensibilityGlobals) = postSolution
		SolutionGuid = {3B216B15-2FC4-4BE4-AD9F-EB7090C1E9E8}
	EndGlobalSection
EndGlobal
